PODS:
  - Google-Maps-iOS-SDK (1.9.2)
  - SDWebImage (3.7.6):
    - SDWebImage/Core (= 3.7.6)
  - SDWebImage/Core (3.7.6)

DEPENDENCIES:
  - Google-Maps-iOS-SDK
  - SDWebImage

SPEC CHECKSUMS:
  Google-Maps-iOS-SDK: 7f89cc1edb3ca239a410e5bc83cd1e060db3a289
  SDWebImage: c325cf02c30337336b95beff20a13df489ec0ec9

COCOAPODS: 0.38.2
