// !$*UTF8*$!
{
	archiveVersion = 1;
	classes = {
	};
	objectVersion = 46;
	objects = {

/* Begin PBXBuildFile section */
		585E0BB6AE2D68E0A0224718 /* libPods.a in Frameworks */ = {isa = PBXBuildFile; fileRef = B72712A7F77B29077BCE048A /* libPods.a */; };
		B0065D581A9BF7B800B16E09 /* JobDetail.swift in Sources */ = {isa = PBXBuildFile; fileRef = B0065D571A9BF7B800B16E09 /* JobDetail.swift */; };
		B0065D5A1A9C269300B16E09 /* JobOffer.swift in Sources */ = {isa = PBXBuildFile; fileRef = B0065D591A9C269300B16E09 /* JobOffer.swift */; };
		B0065D5E1A9C269300B16E09 /* JobRejected.swift in Sources */ = {isa = PBXBuildFile; fileRef = B0065D5D1A9C269300B16E09 /* JobRejected.swift */; };
		B0065D601A9C269300B16E09 /* JobDecision.swift in Sources */ = {isa = PBXBuildFile; fileRef = B0065D5F1A9C269300B16E09 /* JobDecision.swift */; };
		B0065D621A9C277300B16E09 /* JobBasic.swift in Sources */ = {isa = PBXBuildFile; fileRef = B0065D611A9C277300B16E09 /* JobBasic.swift */; };
		B023B1711A9D62D30082C5B0 /* EditInterviewViewController.swift in Sources */ = {isa = PBXBuildFile; fileRef = B023B1701A9D62D30082C5B0 /* EditInterviewViewController.swift */; };
		B023B1731A9D6C630082C5B0 /* JobInterview.swift in Sources */ = {isa = PBXBuildFile; fileRef = B023B1721A9D6C630082C5B0 /* JobInterview.swift */; };
		B023B1751A9E97120082C5B0 /* Common.swift in Sources */ = {isa = PBXBuildFile; fileRef = B023B1741A9E97120082C5B0 /* Common.swift */; };
		B047E2801A8318E400475F31 /* AppDelegate.swift in Sources */ = {isa = PBXBuildFile; fileRef = B047E27F1A8318E400475F31 /* AppDelegate.swift */; };
		B047E2831A8318E400475F31 /* JobTracker.xcdatamodeld in Sources */ = {isa = PBXBuildFile; fileRef = B047E2811A8318E400475F31 /* JobTracker.xcdatamodeld */; };
		B047E2851A8318E400475F31 /* JobListViewController.swift in Sources */ = {isa = PBXBuildFile; fileRef = B047E2841A8318E400475F31 /* JobListViewController.swift */; };
		B047E28A1A8318E400475F31 /* Images.xcassets in Resources */ = {isa = PBXBuildFile; fileRef = B047E2891A8318E400475F31 /* Images.xcassets */; };
		B047E28D1A8318E400475F31 /* LaunchScreen.xib in Resources */ = {isa = PBXBuildFile; fileRef = B047E28B1A8318E400475F31 /* LaunchScreen.xib */; };
		B047E2991A8318E400475F31 /* JobTrackerTests.swift in Sources */ = {isa = PBXBuildFile; fileRef = B047E2981A8318E400475F31 /* JobTrackerTests.swift */; };
		B047E2AF1A84666B00475F31 /* EditDetailViewController.swift in Sources */ = {isa = PBXBuildFile; fileRef = B047E2AE1A84666B00475F31 /* EditDetailViewController.swift */; };
		B0568B3D1A98334400261B4F /* ShowResultCell.swift in Sources */ = {isa = PBXBuildFile; fileRef = B0568B3C1A98334400261B4F /* ShowResultCell.swift */; };
		B0568B431A985ADB00261B4F /* StageViewController.swift in Sources */ = {isa = PBXBuildFile; fileRef = B0568B421A985ADB00261B4F /* StageViewController.swift */; };
		B0568B451A997D3400261B4F /* BarButtonWithInputView.swift in Sources */ = {isa = PBXBuildFile; fileRef = B0568B441A997D3400261B4F /* BarButtonWithInputView.swift */; };
		B0568B491A9A7D1100261B4F /* EditApplicationViewController.swift in Sources */ = {isa = PBXBuildFile; fileRef = B0568B481A9A7D1100261B4F /* EditApplicationViewController.swift */; };
		B0568B4B1A9A83AB00261B4F /* JobApplication.swift in Sources */ = {isa = PBXBuildFile; fileRef = B0568B4A1A9A83AB00261B4F /* JobApplication.swift */; };
		B088D2581A8EFFDF00E8CB99 /* JobContact.swift in Sources */ = {isa = PBXBuildFile; fileRef = B088D2571A8EFFDF00E8CB99 /* JobContact.swift */; };
		B088D25E1A8F32A100E8CB99 /* GoogleLocationSearch.swift in Sources */ = {isa = PBXBuildFile; fileRef = B088D25D1A8F32A100E8CB99 /* GoogleLocationSearch.swift */; };
		B088D2601A8F3DFC00E8CB99 /* LocationTableViewController.swift in Sources */ = {isa = PBXBuildFile; fileRef = B088D25F1A8F3DFC00E8CB99 /* LocationTableViewController.swift */; };
		B0B32D7F1A8D86E00039E6BC /* CompanyTableViewController.swift in Sources */ = {isa = PBXBuildFile; fileRef = B0B32D7E1A8D86E00039E6BC /* CompanyTableViewController.swift */; };
		B0B32D831A8D8EB70039E6BC /* CompanyResultCell.swift in Sources */ = {isa = PBXBuildFile; fileRef = B0B32D821A8D8EB70039E6BC /* CompanyResultCell.swift */; };
		B0B32D851A8D98D80039E6BC /* GlassdoorCompanySearch.swift in Sources */ = {isa = PBXBuildFile; fileRef = B0B32D841A8D98D80039E6BC /* GlassdoorCompanySearch.swift */; };
		B0BCAC0E1A9422330040CAE9 /* ShowCompanyCell.swift in Sources */ = {isa = PBXBuildFile; fileRef = B0BCAC0D1A9422330040CAE9 /* ShowCompanyCell.swift */; };
		B0BCAC141A9577030040CAE9 /* WebViewController.swift in Sources */ = {isa = PBXBuildFile; fileRef = B0BCAC131A9577030040CAE9 /* WebViewController.swift */; };
		B0BCAC1D1A97D09B0040CAE9 /* ShowLocationCell.swift in Sources */ = {isa = PBXBuildFile; fileRef = B0BCAC1C1A97D09B0040CAE9 /* ShowLocationCell.swift */; };
		B0BCAC1F1A97DABC0040CAE9 /* MapViewController.swift in Sources */ = {isa = PBXBuildFile; fileRef = B0BCAC1E1A97DABC0040CAE9 /* MapViewController.swift */; };
		B0BCAC211A97EA6C0040CAE9 /* LocationResultCell.swift in Sources */ = {isa = PBXBuildFile; fileRef = B0BCAC201A97EA6C0040CAE9 /* LocationResultCell.swift */; };
		B0BCAC231A9802040040CAE9 /* JobLocation.swift in Sources */ = {isa = PBXBuildFile; fileRef = B0BCAC221A9802040040CAE9 /* JobLocation.swift */; };
		B0BCAC251A982E600040CAE9 /* ShowNotesCell.swift in Sources */ = {isa = PBXBuildFile; fileRef = B0BCAC241A982E600040CAE9 /* ShowNotesCell.swift */; };
		B0DC73151A8AE5FB00138BFE /* ShowDetailViewController.swift in Sources */ = {isa = PBXBuildFile; fileRef = B0DC73141A8AE5FB00138BFE /* ShowDetailViewController.swift */; };
		B0F879661A8AED6F0082F3DF /* Main.storyboard in Resources */ = {isa = PBXBuildFile; fileRef = B0F879641A8AED6F0082F3DF /* Main.storyboard */; };
/* End PBXBuildFile section */

/* Begin PBXContainerItemProxy section */
		B047E2931A8318E400475F31 /* PBXContainerItemProxy */ = {
			isa = PBXContainerItemProxy;
			containerPortal = B047E2721A8318E400475F31 /* Project object */;
			proxyType = 1;
			remoteGlobalIDString = B047E2791A8318E400475F31;
			remoteInfo = JobTracker;
		};
/* End PBXContainerItemProxy section */

/* Begin PBXFileReference section */
		37266B7A5782BB84374738D6 /* Pods.release.xcconfig */ = {isa = PBXFileReference; includeInIndex = 1; lastKnownFileType = text.xcconfig; name = Pods.release.xcconfig; path = "Pods/Target Support Files/Pods/Pods.release.xcconfig"; sourceTree = "<group>"; };
		9B7591EE70F26B9825751C91 /* Pods.debug.xcconfig */ = {isa = PBXFileReference; includeInIndex = 1; lastKnownFileType = text.xcconfig; name = Pods.debug.xcconfig; path = "Pods/Target Support Files/Pods/Pods.debug.xcconfig"; sourceTree = "<group>"; };
		B0065D571A9BF7B800B16E09 /* JobDetail.swift */ = {isa = PBXFileReference; fileEncoding = 4; lastKnownFileType = sourcecode.swift; path = JobDetail.swift; sourceTree = "<group>"; };
		B0065D591A9C269300B16E09 /* JobOffer.swift */ = {isa = PBXFileReference; fileEncoding = 4; lastKnownFileType = sourcecode.swift; path = JobOffer.swift; sourceTree = "<group>"; };
		B0065D5D1A9C269300B16E09 /* JobRejected.swift */ = {isa = PBXFileReference; fileEncoding = 4; lastKnownFileType = sourcecode.swift; path = JobRejected.swift; sourceTree = "<group>"; };
		B0065D5F1A9C269300B16E09 /* JobDecision.swift */ = {isa = PBXFileReference; fileEncoding = 4; lastKnownFileType = sourcecode.swift; path = JobDecision.swift; sourceTree = "<group>"; };
		B0065D611A9C277300B16E09 /* JobBasic.swift */ = {isa = PBXFileReference; fileEncoding = 4; lastKnownFileType = sourcecode.swift; path = JobBasic.swift; sourceTree = "<group>"; };
		B023B1701A9D62D30082C5B0 /* EditInterviewViewController.swift */ = {isa = PBXFileReference; fileEncoding = 4; lastKnownFileType = sourcecode.swift; path = EditInterviewViewController.swift; sourceTree = "<group>"; };
		B023B1721A9D6C630082C5B0 /* JobInterview.swift */ = {isa = PBXFileReference; fileEncoding = 4; lastKnownFileType = sourcecode.swift; path = JobInterview.swift; sourceTree = "<group>"; };
		B023B1741A9E97120082C5B0 /* Common.swift */ = {isa = PBXFileReference; fileEncoding = 4; lastKnownFileType = sourcecode.swift; path = Common.swift; sourceTree = "<group>"; };
		B047E27A1A8318E400475F31 /* JobTracker.app */ = {isa = PBXFileReference; explicitFileType = wrapper.application; includeInIndex = 0; path = JobTracker.app; sourceTree = BUILT_PRODUCTS_DIR; };
		B047E27E1A8318E400475F31 /* Info.plist */ = {isa = PBXFileReference; lastKnownFileType = text.plist.xml; path = Info.plist; sourceTree = "<group>"; };
		B047E27F1A8318E400475F31 /* AppDelegate.swift */ = {isa = PBXFileReference; lastKnownFileType = sourcecode.swift; path = AppDelegate.swift; sourceTree = "<group>"; };
		B047E2821A8318E400475F31 /* JobTracker.xcdatamodel */ = {isa = PBXFileReference; lastKnownFileType = wrapper.xcdatamodel; path = JobTracker.xcdatamodel; sourceTree = "<group>"; };
		B047E2841A8318E400475F31 /* JobListViewController.swift */ = {isa = PBXFileReference; lastKnownFileType = sourcecode.swift; path = JobListViewController.swift; sourceTree = "<group>"; };
		B047E2891A8318E400475F31 /* Images.xcassets */ = {isa = PBXFileReference; lastKnownFileType = folder.assetcatalog; path = Images.xcassets; sourceTree = "<group>"; };
		B047E28C1A8318E400475F31 /* Base */ = {isa = PBXFileReference; lastKnownFileType = file.xib; name = Base; path = Base.lproj/LaunchScreen.xib; sourceTree = "<group>"; };
		B047E2921A8318E400475F31 /* JobTrackerTests.xctest */ = {isa = PBXFileReference; explicitFileType = wrapper.cfbundle; includeInIndex = 0; path = JobTrackerTests.xctest; sourceTree = BUILT_PRODUCTS_DIR; };
		B047E2971A8318E400475F31 /* Info.plist */ = {isa = PBXFileReference; lastKnownFileType = text.plist.xml; path = Info.plist; sourceTree = "<group>"; };
		B047E2981A8318E400475F31 /* JobTrackerTests.swift */ = {isa = PBXFileReference; lastKnownFileType = sourcecode.swift; path = JobTrackerTests.swift; sourceTree = "<group>"; };
		B047E2AE1A84666B00475F31 /* EditDetailViewController.swift */ = {isa = PBXFileReference; fileEncoding = 4; lastKnownFileType = sourcecode.swift; path = EditDetailViewController.swift; sourceTree = "<group>"; };
		B0568B3C1A98334400261B4F /* ShowResultCell.swift */ = {isa = PBXFileReference; fileEncoding = 4; lastKnownFileType = sourcecode.swift; path = ShowResultCell.swift; sourceTree = "<group>"; };
		B0568B421A985ADB00261B4F /* StageViewController.swift */ = {isa = PBXFileReference; fileEncoding = 4; lastKnownFileType = sourcecode.swift; path = StageViewController.swift; sourceTree = "<group>"; };
		B0568B441A997D3400261B4F /* BarButtonWithInputView.swift */ = {isa = PBXFileReference; fileEncoding = 4; lastKnownFileType = sourcecode.swift; path = BarButtonWithInputView.swift; sourceTree = "<group>"; };
		B0568B481A9A7D1100261B4F /* EditApplicationViewController.swift */ = {isa = PBXFileReference; fileEncoding = 4; lastKnownFileType = sourcecode.swift; path = EditApplicationViewController.swift; sourceTree = "<group>"; };
		B0568B4A1A9A83AB00261B4F /* JobApplication.swift */ = {isa = PBXFileReference; fileEncoding = 4; lastKnownFileType = sourcecode.swift; path = JobApplication.swift; sourceTree = "<group>"; };
		B088D24E1A8DC63000E8CB99 /* JobTracker-Bridging-Header.h */ = {isa = PBXFileReference; fileEncoding = 4; lastKnownFileType = sourcecode.c.h; path = "JobTracker-Bridging-Header.h"; sourceTree = "<group>"; };
		B088D2571A8EFFDF00E8CB99 /* JobContact.swift */ = {isa = PBXFileReference; fileEncoding = 4; lastKnownFileType = sourcecode.swift; path = JobContact.swift; sourceTree = "<group>"; };
		B088D25D1A8F32A100E8CB99 /* GoogleLocationSearch.swift */ = {isa = PBXFileReference; fileEncoding = 4; lastKnownFileType = sourcecode.swift; path = GoogleLocationSearch.swift; sourceTree = "<group>"; };
		B088D25F1A8F3DFC00E8CB99 /* LocationTableViewController.swift */ = {isa = PBXFileReference; fileEncoding = 4; lastKnownFileType = sourcecode.swift; path = LocationTableViewController.swift; sourceTree = "<group>"; };
		B0B32D7E1A8D86E00039E6BC /* CompanyTableViewController.swift */ = {isa = PBXFileReference; fileEncoding = 4; lastKnownFileType = sourcecode.swift; path = CompanyTableViewController.swift; sourceTree = "<group>"; };
		B0B32D821A8D8EB70039E6BC /* CompanyResultCell.swift */ = {isa = PBXFileReference; fileEncoding = 4; lastKnownFileType = sourcecode.swift; path = CompanyResultCell.swift; sourceTree = "<group>"; };
		B0B32D841A8D98D80039E6BC /* GlassdoorCompanySearch.swift */ = {isa = PBXFileReference; fileEncoding = 4; lastKnownFileType = sourcecode.swift; path = GlassdoorCompanySearch.swift; sourceTree = "<group>"; };
		B0BCAC0D1A9422330040CAE9 /* ShowCompanyCell.swift */ = {isa = PBXFileReference; fileEncoding = 4; lastKnownFileType = sourcecode.swift; path = ShowCompanyCell.swift; sourceTree = "<group>"; };
		B0BCAC131A9577030040CAE9 /* WebViewController.swift */ = {isa = PBXFileReference; fileEncoding = 4; lastKnownFileType = sourcecode.swift; path = WebViewController.swift; sourceTree = "<group>"; };
		B0BCAC1C1A97D09B0040CAE9 /* ShowLocationCell.swift */ = {isa = PBXFileReference; fileEncoding = 4; lastKnownFileType = sourcecode.swift; path = ShowLocationCell.swift; sourceTree = "<group>"; };
		B0BCAC1E1A97DABC0040CAE9 /* MapViewController.swift */ = {isa = PBXFileReference; fileEncoding = 4; lastKnownFileType = sourcecode.swift; path = MapViewController.swift; sourceTree = "<group>"; };
		B0BCAC201A97EA6C0040CAE9 /* LocationResultCell.swift */ = {isa = PBXFileReference; fileEncoding = 4; lastKnownFileType = sourcecode.swift; path = LocationResultCell.swift; sourceTree = "<group>"; };
		B0BCAC221A9802040040CAE9 /* JobLocation.swift */ = {isa = PBXFileReference; fileEncoding = 4; lastKnownFileType = sourcecode.swift; path = JobLocation.swift; sourceTree = "<group>"; };
		B0BCAC241A982E600040CAE9 /* ShowNotesCell.swift */ = {isa = PBXFileReference; fileEncoding = 4; lastKnownFileType = sourcecode.swift; path = ShowNotesCell.swift; sourceTree = "<group>"; };
		B0DC73141A8AE5FB00138BFE /* ShowDetailViewController.swift */ = {isa = PBXFileReference; fileEncoding = 4; lastKnownFileType = sourcecode.swift; path = ShowDetailViewController.swift; sourceTree = "<group>"; };
		B0F879651A8AED6F0082F3DF /* Base */ = {isa = PBXFileReference; lastKnownFileType = file.storyboard; name = Base; path = Base.lproj/Main.storyboard; sourceTree = "<group>"; };
		B72712A7F77B29077BCE048A /* libPods.a */ = {isa = PBXFileReference; explicitFileType = archive.ar; includeInIndex = 0; path = libPods.a; sourceTree = BUILT_PRODUCTS_DIR; };
/* End PBXFileReference section */

/* Begin PBXFrameworksBuildPhase section */
		B047E2771A8318E400475F31 /* Frameworks */ = {
			isa = PBXFrameworksBuildPhase;
			buildActionMask = 2147483647;
			files = (
				585E0BB6AE2D68E0A0224718 /* libPods.a in Frameworks */,
			);
			runOnlyForDeploymentPostprocessing = 0;
		};
		B047E28F1A8318E400475F31 /* Frameworks */ = {
			isa = PBXFrameworksBuildPhase;
			buildActionMask = 2147483647;
			files = (
			);
			runOnlyForDeploymentPostprocessing = 0;
		};
/* End PBXFrameworksBuildPhase section */

/* Begin PBXGroup section */
		2F6E306C2A261B750B5F7E77 /* Frameworks */ = {
			isa = PBXGroup;
			children = (
				B72712A7F77B29077BCE048A /* libPods.a */,
			);
			name = Frameworks;
			sourceTree = "<group>";
		};
		A40B5A4572B6A2119ABBBFAF /* Pods */ = {
			isa = PBXGroup;
			children = (
				9B7591EE70F26B9825751C91 /* Pods.debug.xcconfig */,
				37266B7A5782BB84374738D6 /* Pods.release.xcconfig */,
			);
			name = Pods;
			sourceTree = "<group>";
		};
		B047E2711A8318E400475F31 = {
			isa = PBXGroup;
			children = (
				B047E27C1A8318E400475F31 /* JobTracker */,
				B047E2951A8318E400475F31 /* JobTrackerTests */,
				B047E27B1A8318E400475F31 /* Products */,
				A40B5A4572B6A2119ABBBFAF /* Pods */,
				2F6E306C2A261B750B5F7E77 /* Frameworks */,
			);
			sourceTree = "<group>";
		};
		B047E27B1A8318E400475F31 /* Products */ = {
			isa = PBXGroup;
			children = (
				B047E27A1A8318E400475F31 /* JobTracker.app */,
				B047E2921A8318E400475F31 /* JobTrackerTests.xctest */,
			);
			name = Products;
			sourceTree = "<group>";
		};
		B047E27C1A8318E400475F31 /* JobTracker */ = {
			isa = PBXGroup;
			children = (
				B0F879641A8AED6F0082F3DF /* Main.storyboard */,
				B047E2811A8318E400475F31 /* JobTracker.xcdatamodeld */,
				B047E2841A8318E400475F31 /* JobListViewController.swift */,
				B0DC73141A8AE5FB00138BFE /* ShowDetailViewController.swift */,
				B0568B421A985ADB00261B4F /* StageViewController.swift */,
				B047E2AE1A84666B00475F31 /* EditDetailViewController.swift */,
				B0568B481A9A7D1100261B4F /* EditApplicationViewController.swift */,
				B023B1701A9D62D30082C5B0 /* EditInterviewViewController.swift */,
				B0BCAC131A9577030040CAE9 /* WebViewController.swift */,
				B0BCAC1E1A97DABC0040CAE9 /* MapViewController.swift */,
				B0B32D7E1A8D86E00039E6BC /* CompanyTableViewController.swift */,
				B088D25F1A8F3DFC00E8CB99 /* LocationTableViewController.swift */,
				B0B32D841A8D98D80039E6BC /* GlassdoorCompanySearch.swift */,
				B088D25D1A8F32A100E8CB99 /* GoogleLocationSearch.swift */,
				B0B32D821A8D8EB70039E6BC /* CompanyResultCell.swift */,
				B0BCAC201A97EA6C0040CAE9 /* LocationResultCell.swift */,
				B0BCAC0D1A9422330040CAE9 /* ShowCompanyCell.swift */,
				B0568B3C1A98334400261B4F /* ShowResultCell.swift */,
				B0BCAC1C1A97D09B0040CAE9 /* ShowLocationCell.swift */,
				B0BCAC241A982E600040CAE9 /* ShowNotesCell.swift */,
				B0568B441A997D3400261B4F /* BarButtonWithInputView.swift */,
				B0065D611A9C277300B16E09 /* JobBasic.swift */,
				B0065D571A9BF7B800B16E09 /* JobDetail.swift */,
				B088D2571A8EFFDF00E8CB99 /* JobContact.swift */,
				B0BCAC221A9802040040CAE9 /* JobLocation.swift */,
				B0568B4A1A9A83AB00261B4F /* JobApplication.swift */,
				B023B1721A9D6C630082C5B0 /* JobInterview.swift */,
				B0065D5F1A9C269300B16E09 /* JobDecision.swift */,
				B0065D591A9C269300B16E09 /* JobOffer.swift */,
				B0065D5D1A9C269300B16E09 /* JobRejected.swift */,
				B023B1741A9E97120082C5B0 /* Common.swift */,
				B047E27D1A8318E400475F31 /* Supporting Files */,
				B088D24E1A8DC63000E8CB99 /* JobTracker-Bridging-Header.h */,
			);
			path = JobTracker;
			sourceTree = "<group>";
		};
		B047E27D1A8318E400475F31 /* Supporting Files */ = {
			isa = PBXGroup;
			children = (
				B047E27F1A8318E400475F31 /* AppDelegate.swift */,
				B047E2891A8318E400475F31 /* Images.xcassets */,
				B047E28B1A8318E400475F31 /* LaunchScreen.xib */,
				B047E27E1A8318E400475F31 /* Info.plist */,
			);
			name = "Supporting Files";
			sourceTree = "<group>";
		};
		B047E2951A8318E400475F31 /* JobTrackerTests */ = {
			isa = PBXGroup;
			children = (
				B047E2981A8318E400475F31 /* JobTrackerTests.swift */,
				B047E2961A8318E400475F31 /* Supporting Files */,
			);
			path = JobTrackerTests;
			sourceTree = "<group>";
		};
		B047E2961A8318E400475F31 /* Supporting Files */ = {
			isa = PBXGroup;
			children = (
				B047E2971A8318E400475F31 /* Info.plist */,
			);
			name = "Supporting Files";
			sourceTree = "<group>";
		};
/* End PBXGroup section */

/* Begin PBXNativeTarget section */
		B047E2791A8318E400475F31 /* JobTracker */ = {
			isa = PBXNativeTarget;
			buildConfigurationList = B047E29C1A8318E500475F31 /* Build configuration list for PBXNativeTarget "JobTracker" */;
			buildPhases = (
				277361774CD0273534A4A81F /* Check Pods Manifest.lock */,
				B047E2761A8318E400475F31 /* Sources */,
				B047E2771A8318E400475F31 /* Frameworks */,
				B047E2781A8318E400475F31 /* Resources */,
				F43F0CC130A17EADF010A0FA /* Copy Pods Resources */,
			);
			buildRules = (
			);
			dependencies = (
			);
			name = JobTracker;
			productName = JobTracker;
			productReference = B047E27A1A8318E400475F31 /* JobTracker.app */;
			productType = "com.apple.product-type.application";
		};
		B047E2911A8318E400475F31 /* JobTrackerTests */ = {
			isa = PBXNativeTarget;
			buildConfigurationList = B047E29F1A8318E500475F31 /* Build configuration list for PBXNativeTarget "JobTrackerTests" */;
			buildPhases = (
				B047E28E1A8318E400475F31 /* Sources */,
				B047E28F1A8318E400475F31 /* Frameworks */,
				B047E2901A8318E400475F31 /* Resources */,
			);
			buildRules = (
			);
			dependencies = (
				B047E2941A8318E400475F31 /* PBXTargetDependency */,
			);
			name = JobTrackerTests;
			productName = JobTrackerTests;
			productReference = B047E2921A8318E400475F31 /* JobTrackerTests.xctest */;
			productType = "com.apple.product-type.bundle.unit-test";
		};
/* End PBXNativeTarget section */

/* Begin PBXProject section */
		B047E2721A8318E400475F31 /* Project object */ = {
			isa = PBXProject;
			attributes = {
				LastUpgradeCheck = 0610;
				ORGANIZATIONNAME = "Joanne Maynard";
				TargetAttributes = {
					B047E2791A8318E400475F31 = {
						CreatedOnToolsVersion = 6.1.1;
					};
					B047E2911A8318E400475F31 = {
						CreatedOnToolsVersion = 6.1.1;
						TestTargetID = B047E2791A8318E400475F31;
					};
				};
			};
			buildConfigurationList = B047E2751A8318E400475F31 /* Build configuration list for PBXProject "JobTracker" */;
			compatibilityVersion = "Xcode 3.2";
			developmentRegion = English;
			hasScannedForEncodings = 0;
			knownRegions = (
				en,
				Base,
			);
			mainGroup = B047E2711A8318E400475F31;
			productRefGroup = B047E27B1A8318E400475F31 /* Products */;
			projectDirPath = "";
			projectRoot = "";
			targets = (
				B047E2791A8318E400475F31 /* JobTracker */,
				B047E2911A8318E400475F31 /* JobTrackerTests */,
			);
		};
/* End PBXProject section */

/* Begin PBXResourcesBuildPhase section */
		B047E2781A8318E400475F31 /* Resources */ = {
			isa = PBXResourcesBuildPhase;
			buildActionMask = 2147483647;
			files = (
				B0F879661A8AED6F0082F3DF /* Main.storyboard in Resources */,
				B047E28D1A8318E400475F31 /* LaunchScreen.xib in Resources */,
				B047E28A1A8318E400475F31 /* Images.xcassets in Resources */,
			);
			runOnlyForDeploymentPostprocessing = 0;
		};
		B047E2901A8318E400475F31 /* Resources */ = {
			isa = PBXResourcesBuildPhase;
			buildActionMask = 2147483647;
			files = (
			);
			runOnlyForDeploymentPostprocessing = 0;
		};
/* End PBXResourcesBuildPhase section */

/* Begin PBXShellScriptBuildPhase section */
		277361774CD0273534A4A81F /* Check Pods Manifest.lock */ = {
			isa = PBXShellScriptBuildPhase;
			buildActionMask = 2147483647;
			files = (
			);
			inputPaths = (
			);
			name = "Check Pods Manifest.lock";
			outputPaths = (
			);
			runOnlyForDeploymentPostprocessing = 0;
			shellPath = /bin/sh;
			shellScript = "diff \"${PODS_ROOT}/../Podfile.lock\" \"${PODS_ROOT}/Manifest.lock\" > /dev/null\nif [[ $? != 0 ]] ; then\n    cat << EOM\nerror: The sandbox is not in sync with the Podfile.lock. Run 'pod install' or update your CocoaPods installation.\nEOM\n    exit 1\nfi\n";
			showEnvVarsInLog = 0;
		};
		F43F0CC130A17EADF010A0FA /* Copy Pods Resources */ = {
			isa = PBXShellScriptBuildPhase;
			buildActionMask = 2147483647;
			files = (
			);
			inputPaths = (
			);
			name = "Copy Pods Resources";
			outputPaths = (
			);
			runOnlyForDeploymentPostprocessing = 0;
			shellPath = /bin/sh;
			shellScript = "\"${SRCROOT}/Pods/Target Support Files/Pods/Pods-resources.sh\"\n";
			showEnvVarsInLog = 0;
		};
/* End PBXShellScriptBuildPhase section */

/* Begin PBXSourcesBuildPhase section */
		B047E2761A8318E400475F31 /* Sources */ = {
			isa = PBXSourcesBuildPhase;
			buildActionMask = 2147483647;
			files = (
				B023B1751A9E97120082C5B0 /* Common.swift in Sources */,
				B0065D5A1A9C269300B16E09 /* JobOffer.swift in Sources */,
				B0568B3D1A98334400261B4F /* ShowResultCell.swift in Sources */,
				B0065D581A9BF7B800B16E09 /* JobDetail.swift in Sources */,
				B047E2AF1A84666B00475F31 /* EditDetailViewController.swift in Sources */,
				B0BCAC211A97EA6C0040CAE9 /* LocationResultCell.swift in Sources */,
				B023B1731A9D6C630082C5B0 /* JobInterview.swift in Sources */,
				B0BCAC231A9802040040CAE9 /* JobLocation.swift in Sources */,
				B0BCAC1D1A97D09B0040CAE9 /* ShowLocationCell.swift in Sources */,
				B0BCAC251A982E600040CAE9 /* ShowNotesCell.swift in Sources */,
				B0568B4B1A9A83AB00261B4F /* JobApplication.swift in Sources */,
				B088D25E1A8F32A100E8CB99 /* GoogleLocationSearch.swift in Sources */,
				B0065D601A9C269300B16E09 /* JobDecision.swift in Sources */,
				B0B32D7F1A8D86E00039E6BC /* CompanyTableViewController.swift in Sources */,
				B0568B451A997D3400261B4F /* BarButtonWithInputView.swift in Sources */,
				B0B32D851A8D98D80039E6BC /* GlassdoorCompanySearch.swift in Sources */,
				B047E2851A8318E400475F31 /* JobListViewController.swift in Sources */,
				B0065D621A9C277300B16E09 /* JobBasic.swift in Sources */,
				B047E2831A8318E400475F31 /* JobTracker.xcdatamodeld in Sources */,
				B0B32D831A8D8EB70039E6BC /* CompanyResultCell.swift in Sources */,
				B0DC73151A8AE5FB00138BFE /* ShowDetailViewController.swift in Sources */,
				B088D2581A8EFFDF00E8CB99 /* JobContact.swift in Sources */,
				B0BCAC0E1A9422330040CAE9 /* ShowCompanyCell.swift in Sources */,
				B023B1711A9D62D30082C5B0 /* EditInterviewViewController.swift in Sources */,
				B047E2801A8318E400475F31 /* AppDelegate.swift in Sources */,
				B088D2601A8F3DFC00E8CB99 /* LocationTableViewController.swift in Sources */,
				B0568B431A985ADB00261B4F /* StageViewController.swift in Sources */,
				B0BCAC141A9577030040CAE9 /* WebViewController.swift in Sources */,
				B0065D5E1A9C269300B16E09 /* JobRejected.swift in Sources */,
				B0BCAC1F1A97DABC0040CAE9 /* MapViewController.swift in Sources */,
				B0568B491A9A7D1100261B4F /* EditApplicationViewController.swift in Sources */,
			);
			runOnlyForDeploymentPostprocessing = 0;
		};
		B047E28E1A8318E400475F31 /* Sources */ = {
			isa = PBXSourcesBuildPhase;
			buildActionMask = 2147483647;
			files = (
				B047E2991A8318E400475F31 /* JobTrackerTests.swift in Sources */,
			);
			runOnlyForDeploymentPostprocessing = 0;
		};
/* End PBXSourcesBuildPhase section */

/* Begin PBXTargetDependency section */
		B047E2941A8318E400475F31 /* PBXTargetDependency */ = {
			isa = PBXTargetDependency;
			target = B047E2791A8318E400475F31 /* JobTracker */;
			targetProxy = B047E2931A8318E400475F31 /* PBXContainerItemProxy */;
		};
/* End PBXTargetDependency section */

/* Begin PBXVariantGroup section */
		B047E28B1A8318E400475F31 /* LaunchScreen.xib */ = {
			isa = PBXVariantGroup;
			children = (
				B047E28C1A8318E400475F31 /* Base */,
			);
			name = LaunchScreen.xib;
			sourceTree = "<group>";
		};
		B0F879641A8AED6F0082F3DF /* Main.storyboard */ = {
			isa = PBXVariantGroup;
			children = (
				B0F879651A8AED6F0082F3DF /* Base */,
			);
			name = Main.storyboard;
			sourceTree = "<group>";
		};
/* End PBXVariantGroup section */

/* Begin XCBuildConfiguration section */
		B047E29A1A8318E500475F31 /* Debug */ = {
			isa = XCBuildConfiguration;
			buildSettings = {
				ALWAYS_SEARCH_USER_PATHS = NO;
				CLANG_CXX_LANGUAGE_STANDARD = "gnu++0x";
				CLANG_CXX_LIBRARY = "libc++";
				CLANG_ENABLE_MODULES = YES;
				CLANG_ENABLE_OBJC_ARC = YES;
				CLANG_WARN_BOOL_CONVERSION = YES;
				CLANG_WARN_CONSTANT_CONVERSION = YES;
				CLANG_WARN_DIRECT_OBJC_ISA_USAGE = YES_ERROR;
				CLANG_WARN_EMPTY_BODY = YES;
				CLANG_WARN_ENUM_CONVERSION = YES;
				CLANG_WARN_INT_CONVERSION = YES;
				CLANG_WARN_OBJC_ROOT_CLASS = YES_ERROR;
				CLANG_WARN_UNREACHABLE_CODE = YES;
				CLANG_WARN__DUPLICATE_METHOD_MATCH = YES;
				"CODE_SIGN_IDENTITY[sdk=iphoneos*]" = "iPhone Developer";
				COPY_PHASE_STRIP = NO;
				ENABLE_STRICT_OBJC_MSGSEND = YES;
				GCC_C_LANGUAGE_STANDARD = gnu99;
				GCC_DYNAMIC_NO_PIC = NO;
				GCC_OPTIMIZATION_LEVEL = 0;
				GCC_PREPROCESSOR_DEFINITIONS = (
					"DEBUG=1",
					"$(inherited)",
				);
				GCC_SYMBOLS_PRIVATE_EXTERN = NO;
				GCC_WARN_64_TO_32_BIT_CONVERSION = YES;
				GCC_WARN_ABOUT_RETURN_TYPE = YES_ERROR;
				GCC_WARN_UNDECLARED_SELECTOR = YES;
				GCC_WARN_UNINITIALIZED_AUTOS = YES_AGGRESSIVE;
				GCC_WARN_UNUSED_FUNCTION = YES;
				GCC_WARN_UNUSED_VARIABLE = YES;
				IPHONEOS_DEPLOYMENT_TARGET = 8.1;
				MTL_ENABLE_DEBUG_INFO = YES;
				ONLY_ACTIVE_ARCH = YES;
				OTHER_LDFLAGS = "-ObjC";
				SDKROOT = iphoneos;
				SWIFT_OPTIMIZATION_LEVEL = "-Onone";
			};
			name = Debug;
		};
		B047E29B1A8318E500475F31 /* Release */ = {
			isa = XCBuildConfiguration;
			buildSettings = {
				ALWAYS_SEARCH_USER_PATHS = NO;
				CLANG_CXX_LANGUAGE_STANDARD = "gnu++0x";
				CLANG_CXX_LIBRARY = "libc++";
				CLANG_ENABLE_MODULES = YES;
				CLANG_ENABLE_OBJC_ARC = YES;
				CLANG_WARN_BOOL_CONVERSION = YES;
				CLANG_WARN_CONSTANT_CONVERSION = YES;
				CLANG_WARN_DIRECT_OBJC_ISA_USAGE = YES_ERROR;
				CLANG_WARN_EMPTY_BODY = YES;
				CLANG_WARN_ENUM_CONVERSION = YES;
				CLANG_WARN_INT_CONVERSION = YES;
				CLANG_WARN_OBJC_ROOT_CLASS = YES_ERROR;
				CLANG_WARN_UNREACHABLE_CODE = YES;
				CLANG_WARN__DUPLICATE_METHOD_MATCH = YES;
				"CODE_SIGN_IDENTITY[sdk=iphoneos*]" = "iPhone Developer";
				COPY_PHASE_STRIP = YES;
				ENABLE_NS_ASSERTIONS = NO;
				ENABLE_STRICT_OBJC_MSGSEND = YES;
				GCC_C_LANGUAGE_STANDARD = gnu99;
				GCC_WARN_64_TO_32_BIT_CONVERSION = YES;
				GCC_WARN_ABOUT_RETURN_TYPE = YES_ERROR;
				GCC_WARN_UNDECLARED_SELECTOR = YES;
				GCC_WARN_UNINITIALIZED_AUTOS = YES_AGGRESSIVE;
				GCC_WARN_UNUSED_FUNCTION = YES;
				GCC_WARN_UNUSED_VARIABLE = YES;
				IPHONEOS_DEPLOYMENT_TARGET = 8.1;
				MTL_ENABLE_DEBUG_INFO = NO;
				OTHER_LDFLAGS = "-ObjC";
				SDKROOT = iphoneos;
				VALIDATE_PRODUCT = YES;
			};
			name = Release;
		};
		B047E29D1A8318E500475F31 /* Debug */ = {
			isa = XCBuildConfiguration;
			baseConfigurationReference = 9B7591EE70F26B9825751C91 /* Pods.debug.xcconfig */;
			buildSettings = {
				ASSETCATALOG_COMPILER_APPICON_NAME = AppIcon;
				INFOPLIST_FILE = JobTracker/Info.plist;
				LD_RUNPATH_SEARCH_PATHS = "$(inherited) @executable_path/Frameworks";
				PRODUCT_NAME = "$(TARGET_NAME)";
				SWIFT_OBJC_BRIDGING_HEADER = "JobTracker/JobTracker-Bridging-Header.h";
				TARGETED_DEVICE_FAMILY = 1;
			};
			name = Debug;
		};
		B047E29E1A8318E500475F31 /* Release */ = {
			isa = XCBuildConfiguration;
			baseConfigurationReference = 37266B7A5782BB84374738D6 /* Pods.release.xcconfig */;
			buildSettings = {
				ASSETCATALOG_COMPILER_APPICON_NAME = AppIcon;
				INFOPLIST_FILE = JobTracker/Info.plist;
				LD_RUNPATH_SEARCH_PATHS = "$(inherited) @executable_path/Frameworks";
				PRODUCT_NAME = "$(TARGET_NAME)";
				SWIFT_OBJC_BRIDGING_HEADER = "JobTracker/JobTracker-Bridging-Header.h";
				TARGETED_DEVICE_FAMILY = 1;
			};
			name = Release;
		};
		B047E2A01A8318E500475F31 /* Debug */ = {
			isa = XCBuildConfiguration;
			buildSettings = {
				BUNDLE_LOADER = "$(TEST_HOST)";
				FRAMEWORK_SEARCH_PATHS = (
					"$(SDKROOT)/Developer/Library/Frameworks",
					"$(inherited)",
				);
				GCC_PREPROCESSOR_DEFINITIONS = (
					"DEBUG=1",
					"$(inherited)",
				);
				INFOPLIST_FILE = JobTrackerTests/Info.plist;
				LD_RUNPATH_SEARCH_PATHS = "$(inherited) @executable_path/Frameworks @loader_path/Frameworks";
				PRODUCT_NAME = "$(TARGET_NAME)";
				TEST_HOST = "$(BUILT_PRODUCTS_DIR)/JobTracker.app/JobTracker";
			};
			name = Debug;
		};
		B047E2A11A8318E500475F31 /* Release */ = {
			isa = XCBuildConfiguration;
			buildSettings = {
				BUNDLE_LOADER = "$(TEST_HOST)";
				FRAMEWORK_SEARCH_PATHS = (
					"$(SDKROOT)/Developer/Library/Frameworks",
					"$(inherited)",
				);
				INFOPLIST_FILE = JobTrackerTests/Info.plist;
				LD_RUNPATH_SEARCH_PATHS = "$(inherited) @executable_path/Frameworks @loader_path/Frameworks";
				PRODUCT_NAME = "$(TARGET_NAME)";
				TEST_HOST = "$(BUILT_PRODUCTS_DIR)/JobTracker.app/JobTracker";
			};
			name = Release;
		};
/* End XCBuildConfiguration section */

/* Begin XCConfigurationList section */
		B047E2751A8318E400475F31 /* Build configuration list for PBXProject "JobTracker" */ = {
			isa = XCConfigurationList;
			buildConfigurations = (
				B047E29A1A8318E500475F31 /* Debug */,
				B047E29B1A8318E500475F31 /* Release */,
			);
			defaultConfigurationIsVisible = 0;
			defaultConfigurationName = Release;
		};
		B047E29C1A8318E500475F31 /* Build configuration list for PBXNativeTarget "JobTracker" */ = {
			isa = XCConfigurationList;
			buildConfigurations = (
				B047E29D1A8318E500475F31 /* Debug */,
				B047E29E1A8318E500475F31 /* Release */,
			);
			defaultConfigurationIsVisible = 0;
			defaultConfigurationName = Release;
		};
		B047E29F1A8318E500475F31 /* Build configuration list for PBXNativeTarget "JobTrackerTests" */ = {
			isa = XCConfigurationList;
			buildConfigurations = (
				B047E2A01A8318E500475F31 /* Debug */,
				B047E2A11A8318E500475F31 /* Release */,
			);
			defaultConfigurationIsVisible = 0;
			defaultConfigurationName = Release;
		};
/* End XCConfigurationList section */

/* Begin XCVersionGroup section */
		B047E2811A8318E400475F31 /* JobTracker.xcdatamodeld */ = {
			isa = XCVersionGroup;
			children = (
				B047E2821A8318E400475F31 /* JobTracker.xcdatamodel */,
			);
			currentVersion = B047E2821A8318E400475F31 /* JobTracker.xcdatamodel */;
			path = JobTracker.xcdatamodeld;
			sourceTree = "<group>";
			versionGroupType = wrapper.xcdatamodel;
		};
/* End XCVersionGroup section */
	};
	rootObject = B047E2721A8318E400475F31 /* Project object */;
}
